
Microsoft Visual Studio Solution File, Format Version 12.00
Project("{FAE04EC0-301F-11D3-BF4B-00C04F79EFBC}") = "WpfApp5", "WpfApp5\WpfApp5.csproj", "{111AE3B5-C1E4-4537-9228-7AC8E8E67E0B}"
EndProject
Global
	GlobalSection(SolutionConfigurationPlatforms) = preSolution
		Debug|Any CPU = Debug|Any CPU
		Release|Any CPU = Release|Any CPU
	EndGlobalSection
	GlobalSection(ProjectConfigurationPlatforms) = postSolution
		{111AE3B5-C1E4-4537-9228-7AC8E8E67E0B}.Debug|Any CPU.ActiveCfg = Debug|Any CPU
		{111AE3B5-C1E4-4537-9228-7AC8E8E67E0B}.Debug|Any CPU.Build.0 = Debug|Any CPU
		{111AE3B5-C1E4-4537-9228-7AC8E8E67E0B}.Release|Any CPU.ActiveCfg = Release|Any CPU
		{111AE3B5-C1E4-4537-9228-7AC8E8E67E0B}.Release|Any CPU.Build.0 = Release|Any CPU
	EndGlobalSection
EndGlobal
